
Microsoft Visual Studio Solution File, Format Version 12.00
# Visual Studio Version 16
VisualStudioVersion = 16.0.31321.278
MinimumVisualStudioVersion = 10.0.40219.1
Project("{FAE04EC0-301F-11D3-BF4B-00C04F79EFBC}") = "BookStore", "BookStore.csproj", "{1E2C64F6-3185-4BFB-B69C-10654B4197EF}"
EndProject
Global
	GlobalSection(SolutionConfigurationPlatforms) = preSolution
		Debug|Any CPU = Debug|Any CPU
		Release|Any CPU = Release|Any CPU
	EndGlobalSection
	GlobalSection(ProjectConfigurationPlatforms) = postSolution
		{1E2C64F6-3185-4BFB-B69C-10654B4197EF}.Debug|Any CPU.ActiveCfg = Debug|Any CPU
		{1E2C64F6-3185-4BFB-B69C-10654B4197EF}.Debug|Any CPU.Build.0 = Debug|Any CPU
		{1E2C64F6-3185-4BFB-B69C-10654B4197EF}.Release|Any CPU.ActiveCfg = Release|Any CPU
		{1E2C64F6-3185-4BFB-B69C-10654B4197EF}.Release|Any CPU.Build.0 = Release|Any CPU
	EndGlobalSection
	GlobalSection(SolutionProperties) = preSolution
		HideSolutionNode = FALSE
	EndGlobalSection
	GlobalSection(ExtensibilityGlobals) = postSolution
		SolutionGuid = {31B32DCA-A56C-4AD5-8C6F-0D5DC0B53EC7}
	EndGlobalSection
EndGlobal
